
Microsoft Visual Studio Solution File, Format Version 12.00
# Visual Studio 15
VisualStudioVersion = 15.0.27130.2027
MinimumVisualStudioVersion = 10.0.40219.1
Project("{8BC9CEB8-8B4A-11D0-8D11-00A0C91BC942}") = "Game", "MonsterChase\MonsterChase.vcxproj", "{E38E59FD-D720-4F5D-8961-257DCFC02B5B}"
	ProjectSection(ProjectDependencies) = postProject
		{6CC3D467-B805-4FB5-817A-FB6050CEF5AE} = {6CC3D467-B805-4FB5-817A-FB6050CEF5AE}
		{9CE95B9F-66DB-4385-8BA0-EE19FFE46A13} = {9CE95B9F-66DB-4385-8BA0-EE19FFE46A13}
	EndProjectSection
EndProject
Project("{8BC9CEB8-8B4A-11D0-8D11-00A0C91BC942}") = "Engine", "Engine\Engine.vcxproj", "{6CC3D467-B805-4FB5-817A-FB6050CEF5AE}"
EndProject
Project("{8BC9CEB8-8B4A-11D0-8D11-00A0C91BC942}") = "GLibrary", "GLibrary\GLibrary.vcxproj", "{9CE95B9F-66DB-4385-8BA0-EE19FFE46A13}"
EndProject
Global
	GlobalSection(SolutionConfigurationPlatforms) = preSolution
		Debug|x64 = Debug|x64
		Debug|x86 = Debug|x86
		Release|x64 = Release|x64
		Release|x86 = Release|x86
	EndGlobalSection
	GlobalSection(ProjectConfigurationPlatforms) = postSolution
		{E38E59FD-D720-4F5D-8961-257DCFC02B5B}.Debug|x64.ActiveCfg = Debug|x64
		{E38E59FD-D720-4F5D-8961-257DCFC02B5B}.Debug|x64.Build.0 = Debug|x64
		{E38E59FD-D720-4F5D-8961-257DCFC02B5B}.Debug|x86.ActiveCfg = Debug|Win32
		{E38E59FD-D720-4F5D-8961-257DCFC02B5B}.Debug|x86.Build.0 = Debug|Win32
		{E38E59FD-D720-4F5D-8961-257DCFC02B5B}.Release|x64.ActiveCfg = Debug|x64
		{E38E59FD-D720-4F5D-8961-257DCFC02B5B}.Release|x64.Build.0 = Debug|x64
		{E38E59FD-D720-4F5D-8961-257DCFC02B5B}.Release|x86.ActiveCfg = Release|Win32
		{E38E59FD-D720-4F5D-8961-257DCFC02B5B}.Release|x86.Build.0 = Release|Win32
		{6CC3D467-B805-4FB5-817A-FB6050CEF5AE}.Debug|x64.ActiveCfg = Debug|x64
		{6CC3D467-B805-4FB5-817A-FB6050CEF5AE}.Debug|x64.Build.0 = Debug|x64
		{6CC3D467-B805-4FB5-817A-FB6050CEF5AE}.Debug|x86.ActiveCfg = Debug|Win32
		{6CC3D467-B805-4FB5-817A-FB6050CEF5AE}.Debug|x86.Build.0 = Debug|Win32
		{6CC3D467-B805-4FB5-817A-FB6050CEF5AE}.Release|x64.ActiveCfg = Debug|x64
		{6CC3D467-B805-4FB5-817A-FB6050CEF5AE}.Release|x64.Build.0 = Debug|x64
		{6CC3D467-B805-4FB5-817A-FB6050CEF5AE}.Release|x86.ActiveCfg = Release|Win32
		{6CC3D467-B805-4FB5-817A-FB6050CEF5AE}.Release|x86.Build.0 = Release|Win32
		{9CE95B9F-66DB-4385-8BA0-EE19FFE46A13}.Debug|x64.ActiveCfg = Debug|x64
		{9CE95B9F-66DB-4385-8BA0-EE19FFE46A13}.Debug|x64.Build.0 = Debug|x64
		{9CE95B9F-66DB-4385-8BA0-EE19FFE46A13}.Debug|x86.ActiveCfg = Debug|Win32
		{9CE95B9F-66DB-4385-8BA0-EE19FFE46A13}.Debug|x86.Build.0 = Debug|Win32
		{9CE95B9F-66DB-4385-8BA0-EE19FFE46A13}.Release|x64.ActiveCfg = Release|x64
		{9CE95B9F-66DB-4385-8BA0-EE19FFE46A13}.Release|x64.Build.0 = Release|x64
		{9CE95B9F-66DB-4385-8BA0-EE19FFE46A13}.Release|x86.ActiveCfg = Release|Win32
		{9CE95B9F-66DB-4385-8BA0-EE19FFE46A13}.Release|x86.Build.0 = Release|Win32
	EndGlobalSection
	GlobalSection(SolutionProperties) = preSolution
		HideSolutionNode = FALSE
	EndGlobalSection
	GlobalSection(ExtensibilityGlobals) = postSolution
		SolutionGuid = {5C34AC58-5E01-402E-BAA4-88102F9E4CB1}
	EndGlobalSection
EndGlobal
